
Microsoft Visual Studio Solution File, Format Version 12.00
# Visual Studio Version 17
VisualStudioVersion = 17.5.002.0
MinimumVisualStudioVersion = 10.0.40219.1
Project("{9A19103F-16F7-4668-BE54-9A1E7A4F7556}") = "DesafioPOO", "DesafioPOO.csproj", "{2E9994B8-6E41-4EED-9DB3-6B75C1169ED5}"
EndProject
Global
	GlobalSection(SolutionConfigurationPlatforms) = preSolution
		Debug|Any CPU = Debug|Any CPU
		Release|Any CPU = Release|Any CPU
	EndGlobalSection
	GlobalSection(ProjectConfigurationPlatforms) = postSolution
		{2E9994B8-6E41-4EED-9DB3-6B75C1169ED5}.Debug|Any CPU.ActiveCfg = Debug|Any CPU
		{2E9994B8-6E41-4EED-9DB3-6B75C1169ED5}.Debug|Any CPU.Build.0 = Debug|Any CPU
		{2E9994B8-6E41-4EED-9DB3-6B75C1169ED5}.Release|Any CPU.ActiveCfg = Release|Any CPU
		{2E9994B8-6E41-4EED-9DB3-6B75C1169ED5}.Release|Any CPU.Build.0 = Release|Any CPU
	EndGlobalSection
	GlobalSection(SolutionProperties) = preSolution
		HideSolutionNode = FALSE
	EndGlobalSection
	GlobalSection(ExtensibilityGlobals) = postSolution
		SolutionGuid = {6D198BF3-1505-4C4D-90CA-39AFB11E90F0}
	EndGlobalSection
EndGlobal
